// !$*UTF8*$!
{
	archiveVersion = 1;
	classes = {
	};
	objectVersion = 45;
	objects = {

/* Begin PBXBuildFile section */
		4D0B4ABE04F90AC86C9148F9 /* gtest-all.cc in Sources */ = {isa = PBXBuildFile; fileRef = 240F0ACA551155F023A5511B /* gtest-all.cc */; };
/* End PBXBuildFile section */

/* Begin PBXFileReference section */
		240F0ACA551155F023A5511B /* gtest-all.cc */ = {isa = PBXFileReference; lastKnownFileType = sourcecode.cpp.cpp; name = "gtest-all.cc"; path = "../../test/gtest-1.7.0/src/gtest-all.cc"; sourceTree = "<group>"; };
		397338482C36253F732937A9 /* libgtest_xcode4_x64_release.a */ = {isa = PBXFileReference; explicitFileType = archive.ar; includeInIndex = 0; name = "libgtest_xcode4_x64_release.a"; path = "libgtest_xcode4_x64_release.a"; sourceTree = BUILT_PRODUCTS_DIR; };
/* End PBXFileReference section */

/* Begin PBXFrameworksBuildPhase section */
		195468E11AD32DBD5B41221F /* Frameworks */ = {
			isa = PBXFrameworksBuildPhase;
			buildActionMask = 2147483647;
			files = (
			);
			runOnlyForDeploymentPostprocessing = 0;
		};
/* End PBXFrameworksBuildPhase section */

/* Begin PBXGroup section */
		014E350D7FA81C1C14774D57 /* gtest */ = {
			isa = PBXGroup;
			children = (
				2937174837C92E355A335928 /* test */,
				69063B3006CB25AC563F55A2 /* Products */,
			);
			name = "gtest";
			sourceTree = "<group>";
		};
		2937174837C92E355A335928 /* test */ = {
			isa = PBXGroup;
			children = (
				574523281EFA68DC577B73E5 /* gtest-1.7.0 */,
			);
			name = "test";
			sourceTree = "<group>";
		};
		574523281EFA68DC577B73E5 /* gtest-1.7.0 */ = {
			isa = PBXGroup;
			children = (
				7DD561BA064F648159474768 /* src */,
			);
			name = "gtest-1.7.0";
			sourceTree = "<group>";
		};
		7DD561BA064F648159474768 /* src */ = {
			isa = PBXGroup;
			children = (
				240F0ACA551155F023A5511B /* gtest-all.cc */,
			);
			name = "src";
			sourceTree = "<group>";
		};
		69063B3006CB25AC563F55A2 /* Products */ = {
			isa = PBXGroup;
			children = (
				397338482C36253F732937A9 /* libgtest_xcode4_x64_release.a */,
			);
			name = "Products";
			sourceTree = "<group>";
		};
/* End PBXGroup section */

/* Begin PBXNativeTarget section */
		597D41D945ED4E3F213606C6 /* gtest */ = {
			isa = PBXNativeTarget;
			buildConfigurationList = 337B799B48BE4A8C48507CA4 /* Build configuration list for PBXNativeTarget "gtest" */;
			buildPhases = (
				771306C065F476EE2A6F08B7 /* Resources */,
				2CDC536E013E37204B79342B /* Sources */,
				195468E11AD32DBD5B41221F /* Frameworks */,
			);
			buildRules = (
			);
			dependencies = (
			);
			name = "gtest";
			productName = "gtest";
			productReference = 397338482C36253F732937A9 /* libgtest_xcode4_x64_release.a */;
			productType = "com.apple.product-type.library.static";
		};
/* End PBXNativeTarget section */

/* Begin PBXProject section */
		08FB7793FE84155DC02AAC07 /* Project object */ = {
			isa = PBXProject;
			buildConfigurationList = 1DEB928908733DD80010E9CD /* Build configuration list for PBXProject "gtest" */;
			compatibilityVersion = "Xcode 3.2";
			hasScannedForEncodings = 1;
			mainGroup = 014E350D7FA81C1C14774D57 /* gtest */;
			projectDirPath = "";
			projectRoot = "";
			targets = (
				597D41D945ED4E3F213606C6 /* libgtest_xcode4_x64_release.a */,
			);
		};
/* End PBXProject section */

/* Begin PBXResourcesBuildPhase section */
		771306C065F476EE2A6F08B7 /* Resources */ = {
			isa = PBXResourcesBuildPhase;
			buildActionMask = 2147483647;
			files = (
			);
			runOnlyForDeploymentPostprocessing = 0;
		};
/* End PBXResourcesBuildPhase section */

/* Begin PBXSourcesBuildPhase section */
		2CDC536E013E37204B79342B /* Sources */ = {
			isa = PBXSourcesBuildPhase;
			buildActionMask = 2147483647;
			files = (
				4D0B4ABE04F90AC86C9148F9 /* gtest-all.cc in Sources */,
			);
			runOnlyForDeploymentPostprocessing = 0;
		};
/* End PBXSourcesBuildPhase section */

/* Begin PBXVariantGroup section */
/* End PBXVariantGroup section */

/* Begin XCBuildConfiguration section */
		741865123F1C5A316CDB3282 /* Release */ = {
			isa = XCBuildConfiguration;
			buildSettings = {
				ARCHS = "$(ARCHS_STANDARD_64_BIT)";
				VALID_ARCHS = "x86_64";
				ALWAYS_SEARCH_USER_PATHS = NO;
				DEBUG_INFORMATION_FORMAT = "dwarf-with-dsym";
				CONFIGURATION_BUILD_DIR = "../../bin";
				GCC_DYNAMIC_NO_PIC = NO;
				GCC_MODEL_TUNING = G5;
				INSTALL_PATH = /usr/local/lib;
				PRODUCT_NAME = "gtest_xcode4_x64_release";
			};
			name = "Release";
		};
		319E2286124050F047326147 /* Debug */ = {
			isa = XCBuildConfiguration;
			buildSettings = {
				ARCHS = "$(ARCHS_STANDARD_64_BIT)";
				VALID_ARCHS = "x86_64";
				ALWAYS_SEARCH_USER_PATHS = NO;
				CONFIGURATION_BUILD_DIR = "../../bin";
				GCC_DYNAMIC_NO_PIC = NO;
				GCC_MODEL_TUNING = G5;
				INSTALL_PATH = /usr/local/lib;
				PRODUCT_NAME = "gtest_xcode4_x64_debug";
			};
			name = "Debug";
		};
		25B13F2D359838CC00C7235D /* Release */ = {
			isa = XCBuildConfiguration;
			buildSettings = {
				ARCHS = "$(ARCHS_STANDARD_64_BIT)";
				VALID_ARCHS = "x86_64";
				SDKROOT = macosx;
				ARCHS = "x86_64";
				CONFIGURATION_BUILD_DIR = "$(SYMROOT)";
				CONFIGURATION_TEMP_DIR = "$(OBJROOT)";
				GCC_C_LANGUAGE_STANDARD = gnu99;
				GCC_OPTIMIZATION_LEVEL = s;
				GCC_SYMBOLS_PRIVATE_EXTERN = NO;
				GCC_WARN_ABOUT_RETURN_TYPE = YES;
				GCC_WARN_UNUSED_VARIABLE = YES;
				HEADER_SEARCH_PATHS = (
					"../../test/gtest-1.7.0",
					"../../test/gtest-1.7.0/include",
				);
				OBJROOT = "obj/x64/Release/gtest";
				ONLY_ACTIVE_ARCH = NO;
				OTHER_CFLAGS = (
					"-ffast-math",
				);
				STANDARD_C_PLUS_PLUS_LIBRARY_TYPE = static;
				SYMROOT = "../../bin";
			};
			name = "Release";
		};
		3A176B0406E205802ACF35ED /* Debug */ = {
			isa = XCBuildConfiguration;
			buildSettings = {
				ARCHS = "$(ARCHS_STANDARD_64_BIT)";
				VALID_ARCHS = "x86_64";
				SDKROOT = macosx;
				ARCHS = "x86_64";
				CONFIGURATION_BUILD_DIR = "$(SYMROOT)";
				CONFIGURATION_TEMP_DIR = "$(OBJROOT)";
				COPY_PHASE_STRIP = NO;
				GCC_C_LANGUAGE_STANDARD = gnu99;
				GCC_OPTIMIZATION_LEVEL = 0;
				GCC_PREPROCESSOR_DEFINITIONS = (
					"_DEBUG=1",
				);
				GCC_SYMBOLS_PRIVATE_EXTERN = NO;
				GCC_WARN_ABOUT_RETURN_TYPE = YES;
				GCC_WARN_UNUSED_VARIABLE = YES;
				HEADER_SEARCH_PATHS = (
					"../../test/gtest-1.7.0",
					"../../test/gtest-1.7.0/include",
				);
				OBJROOT = "obj/x64/Debug/gtest";
				ONLY_ACTIVE_ARCH = YES;
				OTHER_CFLAGS = (
					"-ffast-math",
				);
				STANDARD_C_PLUS_PLUS_LIBRARY_TYPE = static;
				SYMROOT = "../../bin";
			};
			name = "Debug";
		};
/* End XCBuildConfiguration section */

/* Begin XCConfigurationList section */
		337B799B48BE4A8C48507CA4 /* Build configuration list for PBXNativeTarget "libgtest_xcode4_x64_release.a" */ = {
			isa = XCConfigurationList;
			buildConfigurations = (
				741865123F1C5A316CDB3282 /* Release */,
				319E2286124050F047326147 /* Debug */,
			);
			defaultConfigurationIsVisible = 0;
			defaultConfigurationName = "Release";
		};
		1DEB928908733DD80010E9CD /* Build configuration list for PBXProject "gtest" */ = {
			isa = XCConfigurationList;
			buildConfigurations = (
				25B13F2D359838CC00C7235D /* Release */,
				3A176B0406E205802ACF35ED /* Debug */,
			);
			defaultConfigurationIsVisible = 0;
			defaultConfigurationName = "Release";
		};
/* End XCConfigurationList section */

	};
	rootObject = 08FB7793FE84155DC02AAC07 /* Project object */;
}
