// !$*UTF8*$!
{
	archiveVersion = 1;
	classes = {
	};
	objectVersion = 45;
	objects = {

/* Begin PBXBuildFile section */
		3B867728085674402D757C1F /* hacdGraph.cpp in Sources */ = {isa = PBXBuildFile; fileRef = 12147BA002FF67124F2D34B0 /* hacdGraph.cpp */; };
		6B842C9435B310DC67AA5E7C /* hacdHACD.cpp in Sources */ = {isa = PBXBuildFile; fileRef = 18FF1C7E2D7B16A343B67C04 /* hacdHACD.cpp */; };
		2BB7140D64A5294725691A22 /* hacdICHull.cpp in Sources */ = {isa = PBXBuildFile; fileRef = 19E60C3A37946F7837A13BFE /* hacdICHull.cpp */; };
		2A204BC7225E66F42D7C2B75 /* hacdManifoldMesh.cpp in Sources */ = {isa = PBXBuildFile; fileRef = 16546C435EA272E54252525C /* hacdManifoldMesh.cpp */; };
/* End PBXBuildFile section */

/* Begin PBXFileReference section */
		146D0C514A03475C6DA314FF /* hacdCircularList.h */ = {isa = PBXFileReference; lastKnownFileType = sourcecode.c.h; name = "hacdCircularList.h"; path = "../../Extras/HACD/hacdCircularList.h"; sourceTree = "<group>"; };
		12147BA002FF67124F2D34B0 /* hacdGraph.cpp */ = {isa = PBXFileReference; lastKnownFileType = sourcecode.cpp.cpp; name = "hacdGraph.cpp"; path = "../../Extras/HACD/hacdGraph.cpp"; sourceTree = "<group>"; };
		76007CD042855D2149476800 /* hacdGraph.h */ = {isa = PBXFileReference; lastKnownFileType = sourcecode.c.h; name = "hacdGraph.h"; path = "../../Extras/HACD/hacdGraph.h"; sourceTree = "<group>"; };
		18FF1C7E2D7B16A343B67C04 /* hacdHACD.cpp */ = {isa = PBXFileReference; lastKnownFileType = sourcecode.cpp.cpp; name = "hacdHACD.cpp"; path = "../../Extras/HACD/hacdHACD.cpp"; sourceTree = "<group>"; };
		24D55CF310094C4D09BA2473 /* hacdHACD.h */ = {isa = PBXFileReference; lastKnownFileType = sourcecode.c.h; name = "hacdHACD.h"; path = "../../Extras/HACD/hacdHACD.h"; sourceTree = "<group>"; };
		19E60C3A37946F7837A13BFE /* hacdICHull.cpp */ = {isa = PBXFileReference; lastKnownFileType = sourcecode.cpp.cpp; name = "hacdICHull.cpp"; path = "../../Extras/HACD/hacdICHull.cpp"; sourceTree = "<group>"; };
		49F93528768402B579D51F3B /* hacdICHull.h */ = {isa = PBXFileReference; lastKnownFileType = sourcecode.c.h; name = "hacdICHull.h"; path = "../../Extras/HACD/hacdICHull.h"; sourceTree = "<group>"; };
		16546C435EA272E54252525C /* hacdManifoldMesh.cpp */ = {isa = PBXFileReference; lastKnownFileType = sourcecode.cpp.cpp; name = "hacdManifoldMesh.cpp"; path = "../../Extras/HACD/hacdManifoldMesh.cpp"; sourceTree = "<group>"; };
		455D1CDC710475283E3C7A1E /* hacdManifoldMesh.h */ = {isa = PBXFileReference; lastKnownFileType = sourcecode.c.h; name = "hacdManifoldMesh.h"; path = "../../Extras/HACD/hacdManifoldMesh.h"; sourceTree = "<group>"; };
		01AA74FC7097688F18E71AFC /* hacdVector.h */ = {isa = PBXFileReference; lastKnownFileType = sourcecode.c.h; name = "hacdVector.h"; path = "../../Extras/HACD/hacdVector.h"; sourceTree = "<group>"; };
		54223E0F02AC77BD38731523 /* hacdVersion.h */ = {isa = PBXFileReference; lastKnownFileType = sourcecode.c.h; name = "hacdVersion.h"; path = "../../Extras/HACD/hacdVersion.h"; sourceTree = "<group>"; };
		094F3B80549243651F951DB6 /* libHACD_xcode4_x64_release.a */ = {isa = PBXFileReference; explicitFileType = archive.ar; includeInIndex = 0; name = "libHACD_xcode4_x64_release.a"; path = "libHACD_xcode4_x64_release.a"; sourceTree = BUILT_PRODUCTS_DIR; };
/* End PBXFileReference section */

/* Begin PBXFrameworksBuildPhase section */
		6D9D139928B4606542A31892 /* Frameworks */ = {
			isa = PBXFrameworksBuildPhase;
			buildActionMask = 2147483647;
			files = (
			);
			runOnlyForDeploymentPostprocessing = 0;
		};
/* End PBXFrameworksBuildPhase section */

/* Begin PBXGroup section */
		09D0705D13D2766D7F587E7A /* HACD */ = {
			isa = PBXGroup;
			children = (
				324B79FC3B595DD82D241942 /* Extras */,
				6010751474C804A17454735E /* Products */,
			);
			name = "HACD";
			sourceTree = "<group>";
		};
		324B79FC3B595DD82D241942 /* Extras */ = {
			isa = PBXGroup;
			children = (
				7C8A5A7B5D032AAB703B44AE /* HACD */,
			);
			name = "Extras";
			sourceTree = "<group>";
		};
		7C8A5A7B5D032AAB703B44AE /* HACD */ = {
			isa = PBXGroup;
			children = (
				146D0C514A03475C6DA314FF /* hacdCircularList.h */,
				12147BA002FF67124F2D34B0 /* hacdGraph.cpp */,
				76007CD042855D2149476800 /* hacdGraph.h */,
				18FF1C7E2D7B16A343B67C04 /* hacdHACD.cpp */,
				24D55CF310094C4D09BA2473 /* hacdHACD.h */,
				19E60C3A37946F7837A13BFE /* hacdICHull.cpp */,
				49F93528768402B579D51F3B /* hacdICHull.h */,
				16546C435EA272E54252525C /* hacdManifoldMesh.cpp */,
				455D1CDC710475283E3C7A1E /* hacdManifoldMesh.h */,
				01AA74FC7097688F18E71AFC /* hacdVector.h */,
				54223E0F02AC77BD38731523 /* hacdVersion.h */,
			);
			name = "HACD";
			sourceTree = "<group>";
		};
		6010751474C804A17454735E /* Products */ = {
			isa = PBXGroup;
			children = (
				094F3B80549243651F951DB6 /* libHACD_xcode4_x64_release.a */,
			);
			name = "Products";
			sourceTree = "<group>";
		};
/* End PBXGroup section */

/* Begin PBXNativeTarget section */
		27C259D149024E7E3886713D /* HACD */ = {
			isa = PBXNativeTarget;
			buildConfigurationList = 40E258E3244C7B2016120512 /* Build configuration list for PBXNativeTarget "HACD" */;
			buildPhases = (
				1E792A2C5CB727650B3A2527 /* Resources */,
				414B2D81725A25CB49C1267F /* Sources */,
				6D9D139928B4606542A31892 /* Frameworks */,
			);
			buildRules = (
			);
			dependencies = (
			);
			name = "HACD";
			productName = "HACD";
			productReference = 094F3B80549243651F951DB6 /* libHACD_xcode4_x64_release.a */;
			productType = "com.apple.product-type.library.static";
		};
/* End PBXNativeTarget section */

/* Begin PBXProject section */
		08FB7793FE84155DC02AAC07 /* Project object */ = {
			isa = PBXProject;
			buildConfigurationList = 1DEB928908733DD80010E9CD /* Build configuration list for PBXProject "HACD" */;
			compatibilityVersion = "Xcode 3.2";
			hasScannedForEncodings = 1;
			mainGroup = 09D0705D13D2766D7F587E7A /* HACD */;
			projectDirPath = "";
			projectRoot = "";
			targets = (
				27C259D149024E7E3886713D /* libHACD_xcode4_x64_release.a */,
			);
		};
/* End PBXProject section */

/* Begin PBXResourcesBuildPhase section */
		1E792A2C5CB727650B3A2527 /* Resources */ = {
			isa = PBXResourcesBuildPhase;
			buildActionMask = 2147483647;
			files = (
			);
			runOnlyForDeploymentPostprocessing = 0;
		};
/* End PBXResourcesBuildPhase section */

/* Begin PBXSourcesBuildPhase section */
		414B2D81725A25CB49C1267F /* Sources */ = {
			isa = PBXSourcesBuildPhase;
			buildActionMask = 2147483647;
			files = (
				3B867728085674402D757C1F /* hacdGraph.cpp in Sources */,
				6B842C9435B310DC67AA5E7C /* hacdHACD.cpp in Sources */,
				2BB7140D64A5294725691A22 /* hacdICHull.cpp in Sources */,
				2A204BC7225E66F42D7C2B75 /* hacdManifoldMesh.cpp in Sources */,
			);
			runOnlyForDeploymentPostprocessing = 0;
		};
/* End PBXSourcesBuildPhase section */

/* Begin PBXVariantGroup section */
/* End PBXVariantGroup section */

/* Begin XCBuildConfiguration section */
		7E7F5BD6424169521F295728 /* Release */ = {
			isa = XCBuildConfiguration;
			buildSettings = {
				ARCHS = "$(ARCHS_STANDARD_64_BIT)";
				VALID_ARCHS = "x86_64";
				ALWAYS_SEARCH_USER_PATHS = NO;
				DEBUG_INFORMATION_FORMAT = "dwarf-with-dsym";
				CONFIGURATION_BUILD_DIR = "../../bin";
				GCC_DYNAMIC_NO_PIC = NO;
				GCC_MODEL_TUNING = G5;
				INSTALL_PATH = /usr/local/lib;
				PRODUCT_NAME = "HACD_xcode4_x64_release";
			};
			name = "Release";
		};
		3C46401D3FA0375677214F52 /* Debug */ = {
			isa = XCBuildConfiguration;
			buildSettings = {
				ARCHS = "$(ARCHS_STANDARD_64_BIT)";
				VALID_ARCHS = "x86_64";
				ALWAYS_SEARCH_USER_PATHS = NO;
				CONFIGURATION_BUILD_DIR = "../../bin";
				GCC_DYNAMIC_NO_PIC = NO;
				GCC_MODEL_TUNING = G5;
				INSTALL_PATH = /usr/local/lib;
				PRODUCT_NAME = "HACD_xcode4_x64_debug";
			};
			name = "Debug";
		};
		121070F90415227A1AC52E71 /* Release */ = {
			isa = XCBuildConfiguration;
			buildSettings = {
				ARCHS = "$(ARCHS_STANDARD_64_BIT)";
				VALID_ARCHS = "x86_64";
				SDKROOT = macosx;
				ARCHS = "x86_64";
				CONFIGURATION_BUILD_DIR = "$(SYMROOT)";
				CONFIGURATION_TEMP_DIR = "$(OBJROOT)";
				GCC_C_LANGUAGE_STANDARD = gnu99;
				GCC_OPTIMIZATION_LEVEL = s;
				GCC_SYMBOLS_PRIVATE_EXTERN = NO;
				GCC_WARN_ABOUT_RETURN_TYPE = YES;
				GCC_WARN_UNUSED_VARIABLE = YES;
				HEADER_SEARCH_PATHS = (
					"../../Extras/HACD",
				);
				OBJROOT = "obj/x64/Release/HACD";
				ONLY_ACTIVE_ARCH = NO;
				OTHER_CFLAGS = (
					"-ffast-math",
				);
				STANDARD_C_PLUS_PLUS_LIBRARY_TYPE = static;
				SYMROOT = "../../bin";
			};
			name = "Release";
		};
		510A7A8A05E919F0753376AD /* Debug */ = {
			isa = XCBuildConfiguration;
			buildSettings = {
				ARCHS = "$(ARCHS_STANDARD_64_BIT)";
				VALID_ARCHS = "x86_64";
				SDKROOT = macosx;
				ARCHS = "x86_64";
				CONFIGURATION_BUILD_DIR = "$(SYMROOT)";
				CONFIGURATION_TEMP_DIR = "$(OBJROOT)";
				COPY_PHASE_STRIP = NO;
				GCC_C_LANGUAGE_STANDARD = gnu99;
				GCC_OPTIMIZATION_LEVEL = 0;
				GCC_PREPROCESSOR_DEFINITIONS = (
					"_DEBUG=1",
				);
				GCC_SYMBOLS_PRIVATE_EXTERN = NO;
				GCC_WARN_ABOUT_RETURN_TYPE = YES;
				GCC_WARN_UNUSED_VARIABLE = YES;
				HEADER_SEARCH_PATHS = (
					"../../Extras/HACD",
				);
				OBJROOT = "obj/x64/Debug/HACD";
				ONLY_ACTIVE_ARCH = YES;
				OTHER_CFLAGS = (
					"-ffast-math",
				);
				STANDARD_C_PLUS_PLUS_LIBRARY_TYPE = static;
				SYMROOT = "../../bin";
			};
			name = "Debug";
		};
/* End XCBuildConfiguration section */

/* Begin XCConfigurationList section */
		40E258E3244C7B2016120512 /* Build configuration list for PBXNativeTarget "libHACD_xcode4_x64_release.a" */ = {
			isa = XCConfigurationList;
			buildConfigurations = (
				7E7F5BD6424169521F295728 /* Release */,
				3C46401D3FA0375677214F52 /* Debug */,
			);
			defaultConfigurationIsVisible = 0;
			defaultConfigurationName = "Release";
		};
		1DEB928908733DD80010E9CD /* Build configuration list for PBXProject "HACD" */ = {
			isa = XCConfigurationList;
			buildConfigurations = (
				121070F90415227A1AC52E71 /* Release */,
				510A7A8A05E919F0753376AD /* Debug */,
			);
			defaultConfigurationIsVisible = 0;
			defaultConfigurationName = "Release";
		};
/* End XCConfigurationList section */

	};
	rootObject = 08FB7793FE84155DC02AAC07 /* Project object */;
}
