// !$*UTF8*$!
{
	archiveVersion = 1;
	classes = {
	};
	objectVersion = 45;
	objects = {

/* Begin PBXBuildFile section */
		2A2F252260FB3E866AF67639 /* btBulletWorldImporter.cpp in Sources */ = {isa = PBXBuildFile; fileRef = 79EC0BAB0DA6115700125A3C /* btBulletWorldImporter.cpp */; };
		52D666C341BD07FB71B35B61 /* btMultiBodyWorldImporter.cpp in Sources */ = {isa = PBXBuildFile; fileRef = 4BD71F611FF00715019E38B6 /* btMultiBodyWorldImporter.cpp */; };
		5C3A06D32FC54F09617C3BD4 /* btWorldImporter.cpp in Sources */ = {isa = PBXBuildFile; fileRef = 3DF151594E2E48264CD82ABC /* btWorldImporter.cpp */; };
/* End PBXBuildFile section */

/* Begin PBXFileReference section */
		79EC0BAB0DA6115700125A3C /* btBulletWorldImporter.cpp */ = {isa = PBXFileReference; lastKnownFileType = sourcecode.cpp.cpp; name = "btBulletWorldImporter.cpp"; path = "../../Extras/Serialize/BulletWorldImporter/btBulletWorldImporter.cpp"; sourceTree = "<group>"; };
		2A4751D57C3A4EBD7B132418 /* btBulletWorldImporter.h */ = {isa = PBXFileReference; lastKnownFileType = sourcecode.c.h; name = "btBulletWorldImporter.h"; path = "../../Extras/Serialize/BulletWorldImporter/btBulletWorldImporter.h"; sourceTree = "<group>"; };
		4BD71F611FF00715019E38B6 /* btMultiBodyWorldImporter.cpp */ = {isa = PBXFileReference; lastKnownFileType = sourcecode.cpp.cpp; name = "btMultiBodyWorldImporter.cpp"; path = "../../Extras/Serialize/BulletWorldImporter/btMultiBodyWorldImporter.cpp"; sourceTree = "<group>"; };
		4CC54BB15F8D2C5916BB63EE /* btMultiBodyWorldImporter.h */ = {isa = PBXFileReference; lastKnownFileType = sourcecode.c.h; name = "btMultiBodyWorldImporter.h"; path = "../../Extras/Serialize/BulletWorldImporter/btMultiBodyWorldImporter.h"; sourceTree = "<group>"; };
		3DF151594E2E48264CD82ABC /* btWorldImporter.cpp */ = {isa = PBXFileReference; lastKnownFileType = sourcecode.cpp.cpp; name = "btWorldImporter.cpp"; path = "../../Extras/Serialize/BulletWorldImporter/btWorldImporter.cpp"; sourceTree = "<group>"; };
		6CBB17977BAB435475B150C2 /* btWorldImporter.h */ = {isa = PBXFileReference; lastKnownFileType = sourcecode.c.h; name = "btWorldImporter.h"; path = "../../Extras/Serialize/BulletWorldImporter/btWorldImporter.h"; sourceTree = "<group>"; };
		608632DB7B41076D0D914E30 /* libBulletWorldImporter_xcode4_x64_release.a */ = {isa = PBXFileReference; explicitFileType = archive.ar; includeInIndex = 0; name = "libBulletWorldImporter_xcode4_x64_release.a"; path = "libBulletWorldImporter_xcode4_x64_release.a"; sourceTree = BUILT_PRODUCTS_DIR; };
/* End PBXFileReference section */

/* Begin PBXFrameworksBuildPhase section */
		595363C94E9A116A6BDC49CD /* Frameworks */ = {
			isa = PBXFrameworksBuildPhase;
			buildActionMask = 2147483647;
			files = (
			);
			runOnlyForDeploymentPostprocessing = 0;
		};
/* End PBXFrameworksBuildPhase section */

/* Begin PBXGroup section */
		60795E62745B300072C02B59 /* BulletWorldImporter */ = {
			isa = PBXGroup;
			children = (
				6CF904A90E65475679625245 /* Extras */,
				7D914AEE50D430E86A166509 /* Products */,
			);
			name = "BulletWorldImporter";
			sourceTree = "<group>";
		};
		6CF904A90E65475679625245 /* Extras */ = {
			isa = PBXGroup;
			children = (
				3F1264C839430D5A15910477 /* Serialize */,
			);
			name = "Extras";
			sourceTree = "<group>";
		};
		3F1264C839430D5A15910477 /* Serialize */ = {
			isa = PBXGroup;
			children = (
				567D4BFC305735CB39821B93 /* BulletWorldImporter */,
			);
			name = "Serialize";
			sourceTree = "<group>";
		};
		567D4BFC305735CB39821B93 /* BulletWorldImporter */ = {
			isa = PBXGroup;
			children = (
				79EC0BAB0DA6115700125A3C /* btBulletWorldImporter.cpp */,
				2A4751D57C3A4EBD7B132418 /* btBulletWorldImporter.h */,
				4BD71F611FF00715019E38B6 /* btMultiBodyWorldImporter.cpp */,
				4CC54BB15F8D2C5916BB63EE /* btMultiBodyWorldImporter.h */,
				3DF151594E2E48264CD82ABC /* btWorldImporter.cpp */,
				6CBB17977BAB435475B150C2 /* btWorldImporter.h */,
			);
			name = "BulletWorldImporter";
			sourceTree = "<group>";
		};
		7D914AEE50D430E86A166509 /* Products */ = {
			isa = PBXGroup;
			children = (
				608632DB7B41076D0D914E30 /* libBulletWorldImporter_xcode4_x64_release.a */,
			);
			name = "Products";
			sourceTree = "<group>";
		};
/* End PBXGroup section */

/* Begin PBXNativeTarget section */
		3A492DDB1CF602FC71BB3E7A /* BulletWorldImporter */ = {
			isa = PBXNativeTarget;
			buildConfigurationList = 4B7D0C5A28667AC469A44BDD /* Build configuration list for PBXNativeTarget "BulletWorldImporter" */;
			buildPhases = (
				45894B5F58DA61E2713A1E72 /* Resources */,
				6FF1726C2E2C692929856D33 /* Sources */,
				595363C94E9A116A6BDC49CD /* Frameworks */,
			);
			buildRules = (
			);
			dependencies = (
			);
			name = "BulletWorldImporter";
			productName = "BulletWorldImporter";
			productReference = 608632DB7B41076D0D914E30 /* libBulletWorldImporter_xcode4_x64_release.a */;
			productType = "com.apple.product-type.library.static";
		};
/* End PBXNativeTarget section */

/* Begin PBXProject section */
		08FB7793FE84155DC02AAC07 /* Project object */ = {
			isa = PBXProject;
			buildConfigurationList = 1DEB928908733DD80010E9CD /* Build configuration list for PBXProject "BulletWorldImporter" */;
			compatibilityVersion = "Xcode 3.2";
			hasScannedForEncodings = 1;
			mainGroup = 60795E62745B300072C02B59 /* BulletWorldImporter */;
			projectDirPath = "";
			projectRoot = "";
			targets = (
				3A492DDB1CF602FC71BB3E7A /* libBulletWorldImporter_xcode4_x64_release.a */,
			);
		};
/* End PBXProject section */

/* Begin PBXResourcesBuildPhase section */
		45894B5F58DA61E2713A1E72 /* Resources */ = {
			isa = PBXResourcesBuildPhase;
			buildActionMask = 2147483647;
			files = (
			);
			runOnlyForDeploymentPostprocessing = 0;
		};
/* End PBXResourcesBuildPhase section */

/* Begin PBXSourcesBuildPhase section */
		6FF1726C2E2C692929856D33 /* Sources */ = {
			isa = PBXSourcesBuildPhase;
			buildActionMask = 2147483647;
			files = (
				2A2F252260FB3E866AF67639 /* btBulletWorldImporter.cpp in Sources */,
				52D666C341BD07FB71B35B61 /* btMultiBodyWorldImporter.cpp in Sources */,
				5C3A06D32FC54F09617C3BD4 /* btWorldImporter.cpp in Sources */,
			);
			runOnlyForDeploymentPostprocessing = 0;
		};
/* End PBXSourcesBuildPhase section */

/* Begin PBXVariantGroup section */
/* End PBXVariantGroup section */

/* Begin XCBuildConfiguration section */
		26B56B4642DF4A8F140046AF /* Release */ = {
			isa = XCBuildConfiguration;
			buildSettings = {
				ARCHS = "$(ARCHS_STANDARD_64_BIT)";
				VALID_ARCHS = "x86_64";
				ALWAYS_SEARCH_USER_PATHS = NO;
				DEBUG_INFORMATION_FORMAT = "dwarf-with-dsym";
				CONFIGURATION_BUILD_DIR = "../../bin";
				GCC_DYNAMIC_NO_PIC = NO;
				GCC_MODEL_TUNING = G5;
				INSTALL_PATH = /usr/local/lib;
				PRODUCT_NAME = "BulletWorldImporter_xcode4_x64_release";
			};
			name = "Release";
		};
		582661113E5A2E4963017A37 /* Debug */ = {
			isa = XCBuildConfiguration;
			buildSettings = {
				ARCHS = "$(ARCHS_STANDARD_64_BIT)";
				VALID_ARCHS = "x86_64";
				ALWAYS_SEARCH_USER_PATHS = NO;
				CONFIGURATION_BUILD_DIR = "../../bin";
				GCC_DYNAMIC_NO_PIC = NO;
				GCC_MODEL_TUNING = G5;
				INSTALL_PATH = /usr/local/lib;
				PRODUCT_NAME = "BulletWorldImporter_xcode4_x64_debug";
			};
			name = "Debug";
		};
		148931292DF0734374E850C3 /* Release */ = {
			isa = XCBuildConfiguration;
			buildSettings = {
				ARCHS = "$(ARCHS_STANDARD_64_BIT)";
				VALID_ARCHS = "x86_64";
				SDKROOT = macosx;
				ARCHS = "x86_64";
				CONFIGURATION_BUILD_DIR = "$(SYMROOT)";
				CONFIGURATION_TEMP_DIR = "$(OBJROOT)";
				GCC_C_LANGUAGE_STANDARD = gnu99;
				GCC_OPTIMIZATION_LEVEL = s;
				GCC_SYMBOLS_PRIVATE_EXTERN = NO;
				GCC_WARN_ABOUT_RETURN_TYPE = YES;
				GCC_WARN_UNUSED_VARIABLE = YES;
				HEADER_SEARCH_PATHS = (
					"../../Extras/Serialize/BulletFileLoader",
					"../../src",
				);
				OBJROOT = "obj/x64/Release/BulletWorldImporter";
				ONLY_ACTIVE_ARCH = NO;
				OTHER_CFLAGS = (
					"-ffast-math",
				);
				STANDARD_C_PLUS_PLUS_LIBRARY_TYPE = static;
				SYMROOT = "../../bin";
			};
			name = "Release";
		};
		46AC613D01C550944F00263C /* Debug */ = {
			isa = XCBuildConfiguration;
			buildSettings = {
				ARCHS = "$(ARCHS_STANDARD_64_BIT)";
				VALID_ARCHS = "x86_64";
				SDKROOT = macosx;
				ARCHS = "x86_64";
				CONFIGURATION_BUILD_DIR = "$(SYMROOT)";
				CONFIGURATION_TEMP_DIR = "$(OBJROOT)";
				COPY_PHASE_STRIP = NO;
				GCC_C_LANGUAGE_STANDARD = gnu99;
				GCC_OPTIMIZATION_LEVEL = 0;
				GCC_PREPROCESSOR_DEFINITIONS = (
					"_DEBUG=1",
				);
				GCC_SYMBOLS_PRIVATE_EXTERN = NO;
				GCC_WARN_ABOUT_RETURN_TYPE = YES;
				GCC_WARN_UNUSED_VARIABLE = YES;
				HEADER_SEARCH_PATHS = (
					"../../Extras/Serialize/BulletFileLoader",
					"../../src",
				);
				OBJROOT = "obj/x64/Debug/BulletWorldImporter";
				ONLY_ACTIVE_ARCH = YES;
				OTHER_CFLAGS = (
					"-ffast-math",
				);
				STANDARD_C_PLUS_PLUS_LIBRARY_TYPE = static;
				SYMROOT = "../../bin";
			};
			name = "Debug";
		};
/* End XCBuildConfiguration section */

/* Begin XCConfigurationList section */
		4B7D0C5A28667AC469A44BDD /* Build configuration list for PBXNativeTarget "libBulletWorldImporter_xcode4_x64_release.a" */ = {
			isa = XCConfigurationList;
			buildConfigurations = (
				26B56B4642DF4A8F140046AF /* Release */,
				582661113E5A2E4963017A37 /* Debug */,
			);
			defaultConfigurationIsVisible = 0;
			defaultConfigurationName = "Release";
		};
		1DEB928908733DD80010E9CD /* Build configuration list for PBXProject "BulletWorldImporter" */ = {
			isa = XCConfigurationList;
			buildConfigurations = (
				148931292DF0734374E850C3 /* Release */,
				46AC613D01C550944F00263C /* Debug */,
			);
			defaultConfigurationIsVisible = 0;
			defaultConfigurationName = "Release";
		};
/* End XCConfigurationList section */

	};
	rootObject = 08FB7793FE84155DC02AAC07 /* Project object */;
}
